
Microsoft Visual Studio Solution File, Format Version 12.00
# Visual Studio Version 16
VisualStudioVersion = 16.0.31205.134
MinimumVisualStudioVersion = 10.0.40219.1
Project("{9A19103F-16F7-4668-BE54-9A1E7A4F7556}") = "AssetsAdvancedEditor", "AssetsAdvancedEditor\AssetsAdvancedEditor.csproj", "{5550E523-203E-439D-98F0-7319B5CBE73F}"
EndProject
Project("{8BC9CEB8-8B4A-11D0-8D11-00A0C91BC942}") = "TexToolWrap", "TexToolWrap\TexToolWrap.vcxproj", "{115E6F6E-4B44-405C-8669-9AB601B7E356}"
EndProject
Project("{9A19103F-16F7-4668-BE54-9A1E7A4F7556}") = "ModInstaller", "ModInstaller\ModInstaller.csproj", "{1423B86D-31C7-483A-9A6E-880F5AB8BE7E}"
EndProject
Project("{9A19103F-16F7-4668-BE54-9A1E7A4F7556}") = "UnityTools", "UnityTools\UnityTools.csproj", "{A3CF0429-7529-49CF-BDFB-971FFFC1A7E2}"
EndProject
Project("{FAE04EC0-301F-11D3-BF4B-00C04F79EFBC}") = "Plugins", "Plugins\Plugins.csproj", "{C46ADF29-ACC0-4079-8ED4-54CA27F7151E}"
EndProject
Global
	GlobalSection(SolutionConfigurationPlatforms) = preSolution
		Debug|Any CPU = Debug|Any CPU
		Debug|x64 = Debug|x64
		Debug|x86 = Debug|x86
		Release|Any CPU = Release|Any CPU
		Release|x64 = Release|x64
		Release|x86 = Release|x86
	EndGlobalSection
	GlobalSection(ProjectConfigurationPlatforms) = postSolution
		{5550E523-203E-439D-98F0-7319B5CBE73F}.Debug|Any CPU.ActiveCfg = Debug|Any CPU
		{5550E523-203E-439D-98F0-7319B5CBE73F}.Debug|Any CPU.Build.0 = Debug|Any CPU
		{5550E523-203E-439D-98F0-7319B5CBE73F}.Debug|x64.ActiveCfg = Debug|x64
		{5550E523-203E-439D-98F0-7319B5CBE73F}.Debug|x64.Build.0 = Debug|x64
		{5550E523-203E-439D-98F0-7319B5CBE73F}.Debug|x86.ActiveCfg = Debug|x86
		{5550E523-203E-439D-98F0-7319B5CBE73F}.Debug|x86.Build.0 = Debug|x86
		{5550E523-203E-439D-98F0-7319B5CBE73F}.Release|Any CPU.ActiveCfg = Release|Any CPU
		{5550E523-203E-439D-98F0-7319B5CBE73F}.Release|Any CPU.Build.0 = Release|Any CPU
		{5550E523-203E-439D-98F0-7319B5CBE73F}.Release|x64.ActiveCfg = Release|x64
		{5550E523-203E-439D-98F0-7319B5CBE73F}.Release|x64.Build.0 = Release|x64
		{5550E523-203E-439D-98F0-7319B5CBE73F}.Release|x86.ActiveCfg = Release|x86
		{5550E523-203E-439D-98F0-7319B5CBE73F}.Release|x86.Build.0 = Release|x86
		{115E6F6E-4B44-405C-8669-9AB601B7E356}.Debug|Any CPU.ActiveCfg = Debug|Win32
		{115E6F6E-4B44-405C-8669-9AB601B7E356}.Debug|x64.ActiveCfg = Debug|x64
		{115E6F6E-4B44-405C-8669-9AB601B7E356}.Debug|x64.Build.0 = Debug|x64
		{115E6F6E-4B44-405C-8669-9AB601B7E356}.Debug|x86.ActiveCfg = Debug|Win32
		{115E6F6E-4B44-405C-8669-9AB601B7E356}.Debug|x86.Build.0 = Debug|Win32
		{115E6F6E-4B44-405C-8669-9AB601B7E356}.Release|Any CPU.ActiveCfg = Release|Win32
		{115E6F6E-4B44-405C-8669-9AB601B7E356}.Release|x64.ActiveCfg = Release|x64
		{115E6F6E-4B44-405C-8669-9AB601B7E356}.Release|x64.Build.0 = Release|x64
		{115E6F6E-4B44-405C-8669-9AB601B7E356}.Release|x86.ActiveCfg = Release|Win32
		{115E6F6E-4B44-405C-8669-9AB601B7E356}.Release|x86.Build.0 = Release|Win32
		{1423B86D-31C7-483A-9A6E-880F5AB8BE7E}.Debug|Any CPU.ActiveCfg = Debug|Any CPU
		{1423B86D-31C7-483A-9A6E-880F5AB8BE7E}.Debug|Any CPU.Build.0 = Debug|Any CPU
		{1423B86D-31C7-483A-9A6E-880F5AB8BE7E}.Debug|x64.ActiveCfg = Debug|Any CPU
		{1423B86D-31C7-483A-9A6E-880F5AB8BE7E}.Debug|x64.Build.0 = Debug|Any CPU
		{1423B86D-31C7-483A-9A6E-880F5AB8BE7E}.Debug|x86.ActiveCfg = Debug|Any CPU
		{1423B86D-31C7-483A-9A6E-880F5AB8BE7E}.Debug|x86.Build.0 = Debug|Any CPU
		{1423B86D-31C7-483A-9A6E-880F5AB8BE7E}.Release|Any CPU.ActiveCfg = Release|Any CPU
		{1423B86D-31C7-483A-9A6E-880F5AB8BE7E}.Release|Any CPU.Build.0 = Release|Any CPU
		{1423B86D-31C7-483A-9A6E-880F5AB8BE7E}.Release|x64.ActiveCfg = Release|Any CPU
		{1423B86D-31C7-483A-9A6E-880F5AB8BE7E}.Release|x64.Build.0 = Release|Any CPU
		{1423B86D-31C7-483A-9A6E-880F5AB8BE7E}.Release|x86.ActiveCfg = Release|Any CPU
		{1423B86D-31C7-483A-9A6E-880F5AB8BE7E}.Release|x86.Build.0 = Release|Any CPU
		{A3CF0429-7529-49CF-BDFB-971FFFC1A7E2}.Debug|Any CPU.ActiveCfg = Debug|Any CPU
		{A3CF0429-7529-49CF-BDFB-971FFFC1A7E2}.Debug|Any CPU.Build.0 = Debug|Any CPU
		{A3CF0429-7529-49CF-BDFB-971FFFC1A7E2}.Debug|x64.ActiveCfg = Debug|Any CPU
		{A3CF0429-7529-49CF-BDFB-971FFFC1A7E2}.Debug|x64.Build.0 = Debug|Any CPU
		{A3CF0429-7529-49CF-BDFB-971FFFC1A7E2}.Debug|x86.ActiveCfg = Debug|Any CPU
		{A3CF0429-7529-49CF-BDFB-971FFFC1A7E2}.Debug|x86.Build.0 = Debug|Any CPU
		{A3CF0429-7529-49CF-BDFB-971FFFC1A7E2}.Release|Any CPU.ActiveCfg = Release|Any CPU
		{A3CF0429-7529-49CF-BDFB-971FFFC1A7E2}.Release|Any CPU.Build.0 = Release|Any CPU
		{A3CF0429-7529-49CF-BDFB-971FFFC1A7E2}.Release|x64.ActiveCfg = Release|Any CPU
		{A3CF0429-7529-49CF-BDFB-971FFFC1A7E2}.Release|x64.Build.0 = Release|Any CPU
		{A3CF0429-7529-49CF-BDFB-971FFFC1A7E2}.Release|x86.ActiveCfg = Release|Any CPU
		{A3CF0429-7529-49CF-BDFB-971FFFC1A7E2}.Release|x86.Build.0 = Release|Any CPU
		{C46ADF29-ACC0-4079-8ED4-54CA27F7151E}.Debug|Any CPU.ActiveCfg = Debug|Any CPU
		{C46ADF29-ACC0-4079-8ED4-54CA27F7151E}.Debug|Any CPU.Build.0 = Debug|Any CPU
		{C46ADF29-ACC0-4079-8ED4-54CA27F7151E}.Debug|x64.ActiveCfg = Debug|Any CPU
		{C46ADF29-ACC0-4079-8ED4-54CA27F7151E}.Debug|x64.Build.0 = Debug|Any CPU
		{C46ADF29-ACC0-4079-8ED4-54CA27F7151E}.Debug|x86.ActiveCfg = Debug|Any CPU
		{C46ADF29-ACC0-4079-8ED4-54CA27F7151E}.Debug|x86.Build.0 = Debug|Any CPU
		{C46ADF29-ACC0-4079-8ED4-54CA27F7151E}.Release|Any CPU.ActiveCfg = Release|Any CPU
		{C46ADF29-ACC0-4079-8ED4-54CA27F7151E}.Release|Any CPU.Build.0 = Release|Any CPU
		{C46ADF29-ACC0-4079-8ED4-54CA27F7151E}.Release|x64.ActiveCfg = Release|Any CPU
		{C46ADF29-ACC0-4079-8ED4-54CA27F7151E}.Release|x64.Build.0 = Release|Any CPU
		{C46ADF29-ACC0-4079-8ED4-54CA27F7151E}.Release|x86.ActiveCfg = Release|Any CPU
		{C46ADF29-ACC0-4079-8ED4-54CA27F7151E}.Release|x86.Build.0 = Release|Any CPU
	EndGlobalSection
	GlobalSection(SolutionProperties) = preSolution
		HideSolutionNode = FALSE
	EndGlobalSection
	GlobalSection(ExtensibilityGlobals) = postSolution
		SolutionGuid = {CC1ECE65-9C45-4815-A493-A61846D70364}
	EndGlobalSection
EndGlobal
